PODS:
  - CircleProgressBar (0.21)
  - RNFrostedSidebar (0.2.0)

DEPENDENCIES:
  - CircleProgressBar (~> 0.21)
  - RNFrostedSidebar (~> 0.2)

SPEC CHECKSUMS:
  CircleProgressBar: 4ce12ddcdc5673cc9f0fb83f6ec7b2a53ecb28df
  RNFrostedSidebar: 9491d8627e5e99b92334d36def432c0faf7ebae4

COCOAPODS: 0.38.2
